
Microsoft Visual Studio Solution File, Format Version 12.00
# Visual Studio Version 17
VisualStudioVersion = 17.7.34003.232
MinimumVisualStudioVersion = 10.0.40219.1
Project("{FAE04EC0-301F-11D3-BF4B-00C04F79EFBC}") = "MagicVilla_API", "MagicVilla_API\MagicVilla_API.csproj", "{A5826CD7-A206-4DBD-8AB1-D83DAD973156}"
EndProject
Global
	GlobalSection(SolutionConfigurationPlatforms) = preSolution
		Debug|Any CPU = Debug|Any CPU
		Release|Any CPU = Release|Any CPU
	EndGlobalSection
	GlobalSection(ProjectConfigurationPlatforms) = postSolution
		{A5826CD7-A206-4DBD-8AB1-D83DAD973156}.Debug|Any CPU.ActiveCfg = Debug|Any CPU
		{A5826CD7-A206-4DBD-8AB1-D83DAD973156}.Debug|Any CPU.Build.0 = Debug|Any CPU
		{A5826CD7-A206-4DBD-8AB1-D83DAD973156}.Release|Any CPU.ActiveCfg = Release|Any CPU
		{A5826CD7-A206-4DBD-8AB1-D83DAD973156}.Release|Any CPU.Build.0 = Release|Any CPU
	EndGlobalSection
	GlobalSection(SolutionProperties) = preSolution
		HideSolutionNode = FALSE
	EndGlobalSection
	GlobalSection(ExtensibilityGlobals) = postSolution
		SolutionGuid = {7A0CC97B-7E7F-4A82-BCF6-05814B424B5D}
	EndGlobalSection
EndGlobal
